{
    "_meta": {
        "hash": {
            "sha256": "f2b6b29c0db902a038c577396dee1da557a161324d588ac0b6a015f9677a6fd3"
        },
        "host-environment-markers": {
            "implementation_name": "cpython",
            "implementation_version": "0",
            "os_name": "posix",
            "platform_machine": "x86_64",
            "platform_python_implementation": "CPython",
            "platform_release": "4.14.0-deepin2-amd64",
            "platform_system": "Linux",
            "platform_version": "#1 SMP PREEMPT Deepin 4.14.12-2 (2018-01-06)",
            "python_full_version": "2.7.13+",
            "python_version": "2.7",
            "sys_platform": "linux2"
        },
        "pipfile-spec": 6,
        "requires": {},
        "sources": [
            {
                "name": "pypi",
                "url": "https://pypi.python.org/simple",
                "verify_ssl": true
            }
        ]
    },
    "default": {
        "unidecode": {
            "hashes": [
                "sha256:72f49d3729f3d8f5799f710b97c1451c5163102e76d64d20e170aedbbd923582",
                "sha256:8c33dd588e0c9bc22a76eaa0c715a5434851f726131bd44a6c26471746efabf5"
            ],
            "version": "==1.0.22"
        }
    },
    "develop": {}
}
